// !$*UTF8*$!
{
	archiveVersion = 1;
	classes = {
	};
	objectVersion = 46;
	objects = {

/* Begin PBXBuildFile section */
		048C8C2F1EC308FE001DB8DA /* main.m in Sources */ = {isa = PBXBuildFile; fileRef = 048C8C2E1EC308FE001DB8DA /* main.m */; };
		048C8C321EC308FE001DB8DA /* AppDelegate.m in Sources */ = {isa = PBXBuildFile; fileRef = 048C8C311EC308FE001DB8DA /* AppDelegate.m */; };
		048C8C351EC308FE001DB8DA /* ViewController.m in Sources */ = {isa = PBXBuildFile; fileRef = 048C8C341EC308FE001DB8DA /* ViewController.m */; };
		048C8C381EC308FE001DB8DA /* Main.storyboard in Resources */ = {isa = PBXBuildFile; fileRef = 048C8C361EC308FE001DB8DA /* Main.storyboard */; };
		048C8C3A1EC308FE001DB8DA /* Assets.xcassets in Resources */ = {isa = PBXBuildFile; fileRef = 048C8C391EC308FE001DB8DA /* Assets.xcassets */; };
		048C8C3D1EC308FE001DB8DA /* LaunchScreen.storyboard in Resources */ = {isa = PBXBuildFile; fileRef = 048C8C3B1EC308FE001DB8DA /* LaunchScreen.storyboard */; };
/* End PBXBuildFile section */

/* Begin PBXFileReference section */
		048C8C2A1EC308FE001DB8DA /* ScrollViewCycle.app */ = {isa = PBXFileReference; explicitFileType = wrapper.application; includeInIndex = 0; path = ScrollViewCycle.app; sourceTree = BUILT_PRODUCTS_DIR; };
		048C8C2E1EC308FE001DB8DA /* main.m */ = {isa = PBXFileReference; lastKnownFileType = sourcecode.c.objc; path = main.m; sourceTree = "<group>"; };
		048C8C301EC308FE001DB8DA /* AppDelegate.h */ = {isa = PBXFileReference; lastKnownFileType = sourcecode.c.h; path = AppDelegate.h; sourceTree = "<group>"; };
		048C8C311EC308FE001DB8DA /* AppDelegate.m */ = {isa = PBXFileReference; lastKnownFileType = sourcecode.c.objc; path = AppDelegate.m; sourceTree = "<group>"; };
		048C8C331EC308FE001DB8DA /* ViewController.h */ = {isa = PBXFileReference; lastKnownFileType = sourcecode.c.h; path = ViewController.h; sourceTree = "<group>"; };
		048C8C341EC308FE001DB8DA /* ViewController.m */ = {isa = PBXFileReference; lastKnownFileType = sourcecode.c.objc; path = ViewController.m; sourceTree = "<group>"; };
		048C8C371EC308FE001DB8DA /* Base */ = {isa = PBXFileReference; lastKnownFileType = file.storyboard; name = Base; path = Base.lproj/Main.storyboard; sourceTree = "<group>"; };
		048C8C391EC308FE001DB8DA /* Assets.xcassets */ = {isa = PBXFileReference; lastKnownFileType = folder.assetcatalog; path = Assets.xcassets; sourceTree = "<group>"; };
		048C8C3C1EC308FE001DB8DA /* Base */ = {isa = PBXFileReference; lastKnownFileType = file.storyboard; name = Base; path = Base.lproj/LaunchScreen.storyboard; sourceTree = "<group>"; };
		048C8C3E1EC308FE001DB8DA /* Info.plist */ = {isa = PBXFileReference; lastKnownFileType = text.plist.xml; path = Info.plist; sourceTree = "<group>"; };
/* End PBXFileReference section */

/* Begin PBXFrameworksBuildPhase section */
		048C8C271EC308FE001DB8DA /* Frameworks */ = {
			isa = PBXFrameworksBuildPhase;
			buildActionMask = 2147483647;
			files = (
			);
			runOnlyForDeploymentPostprocessing = 0;
		};
/* End PBXFrameworksBuildPhase section */

/* Begin PBXGroup section */
		048C8C211EC308FE001DB8DA = {
			isa = PBXGroup;
			children = (
				048C8C2C1EC308FE001DB8DA /* ScrollViewCycle */,
				048C8C2B1EC308FE001DB8DA /* Products */,
			);
			sourceTree = "<group>";
		};
		048C8C2B1EC308FE001DB8DA /* Products */ = {
			isa = PBXGroup;
			children = (
				048C8C2A1EC308FE001DB8DA /* ScrollViewCycle.app */,
			);
			name = Products;
			sourceTree = "<group>";
		};
		048C8C2C1EC308FE001DB8DA /* ScrollViewCycle */ = {
			isa = PBXGroup;
			children = (
				048C8C301EC308FE001DB8DA /* AppDelegate.h */,
				048C8C311EC308FE001DB8DA /* AppDelegate.m */,
				048C8C331EC308FE001DB8DA /* ViewController.h */,
				048C8C341EC308FE001DB8DA /* ViewController.m */,
				048C8C361EC308FE001DB8DA /* Main.storyboard */,
				048C8C391EC308FE001DB8DA /* Assets.xcassets */,
				048C8C3B1EC308FE001DB8DA /* LaunchScreen.storyboard */,
				048C8C3E1EC308FE001DB8DA /* Info.plist */,
				048C8C2D1EC308FE001DB8DA /* Supporting Files */,
			);
			path = ScrollViewCycle;
			sourceTree = "<group>";
		};
		048C8C2D1EC308FE001DB8DA /* Supporting Files */ = {
			isa = PBXGroup;
			children = (
				048C8C2E1EC308FE001DB8DA /* main.m */,
			);
			name = "Supporting Files";
			sourceTree = "<group>";
		};
/* End PBXGroup section */

/* Begin PBXNativeTarget section */
		048C8C291EC308FE001DB8DA /* ScrollViewCycle */ = {
			isa = PBXNativeTarget;
			buildConfigurationList = 048C8C411EC308FE001DB8DA /* Build configuration list for PBXNativeTarget "ScrollViewCycle" */;
			buildPhases = (
				048C8C261EC308FE001DB8DA /* Sources */,
				048C8C271EC308FE001DB8DA /* Frameworks */,
				048C8C281EC308FE001DB8DA /* Resources */,
			);
			buildRules = (
			);
			dependencies = (
			);
			name = ScrollViewCycle;
			productName = ScrollViewCycle;
			productReference = 048C8C2A1EC308FE001DB8DA /* ScrollViewCycle.app */;
			productType = "com.apple.product-type.application";
		};
/* End PBXNativeTarget section */

/* Begin PBXProject section */
		048C8C221EC308FE001DB8DA /* Project object */ = {
			isa = PBXProject;
			attributes = {
				LastUpgradeCheck = 0820;
				ORGANIZATIONNAME = cai;
				TargetAttributes = {
					048C8C291EC308FE001DB8DA = {
						CreatedOnToolsVersion = 8.2.1;
						DevelopmentTeam = 7GSW2BF5U4;
						ProvisioningStyle = Automatic;
					};
				};
			};
			buildConfigurationList = 048C8C251EC308FE001DB8DA /* Build configuration list for PBXProject "ScrollViewCycle" */;
			compatibilityVersion = "Xcode 3.2";
			developmentRegion = English;
			hasScannedForEncodings = 0;
			knownRegions = (
				en,
				Base,
			);
			mainGroup = 048C8C211EC308FE001DB8DA;
			productRefGroup = 048C8C2B1EC308FE001DB8DA /* Products */;
			projectDirPath = "";
			projectRoot = "";
			targets = (
				048C8C291EC308FE001DB8DA /* ScrollViewCycle */,
			);
		};
/* End PBXProject section */

/* Begin PBXResourcesBuildPhase section */
		048C8C281EC308FE001DB8DA /* Resources */ = {
			isa = PBXResourcesBuildPhase;
			buildActionMask = 2147483647;
			files = (
				048C8C3D1EC308FE001DB8DA /* LaunchScreen.storyboard in Resources */,
				048C8C3A1EC308FE001DB8DA /* Assets.xcassets in Resources */,
				048C8C381EC308FE001DB8DA /* Main.storyboard in Resources */,
			);
			runOnlyForDeploymentPostprocessing = 0;
		};
/* End PBXResourcesBuildPhase section */

/* Begin PBXSourcesBuildPhase section */
		048C8C261EC308FE001DB8DA /* Sources */ = {
			isa = PBXSourcesBuildPhase;
			buildActionMask = 2147483647;
			files = (
				048C8C351EC308FE001DB8DA /* ViewController.m in Sources */,
				048C8C321EC308FE001DB8DA /* AppDelegate.m in Sources */,
				048C8C2F1EC308FE001DB8DA /* main.m in Sources */,
			);
			runOnlyForDeploymentPostprocessing = 0;
		};
/* End PBXSourcesBuildPhase section */

/* Begin PBXVariantGroup section */
		048C8C361EC308FE001DB8DA /* Main.storyboard */ = {
			isa = PBXVariantGroup;
			children = (
				048C8C371EC308FE001DB8DA /* Base */,
			);
			name = Main.storyboard;
			sourceTree = "<group>";
		};
		048C8C3B1EC308FE001DB8DA /* LaunchScreen.storyboard */ = {
			isa = PBXVariantGroup;
			children = (
				048C8C3C1EC308FE001DB8DA /* Base */,
			);
			name = LaunchScreen.storyboard;
			sourceTree = "<group>";
		};
/* End PBXVariantGroup section */

/* Begin XCBuildConfiguration section */
		048C8C3F1EC308FE001DB8DA /* Debug */ = {
			isa = XCBuildConfiguration;
			buildSettings = {
				ALWAYS_SEARCH_USER_PATHS = NO;
				CLANG_ANALYZER_NONNULL = YES;
				CLANG_CXX_LANGUAGE_STANDARD = "gnu++0x";
				CLANG_CXX_LIBRARY = "libc++";
				CLANG_ENABLE_MODULES = YES;
				CLANG_ENABLE_OBJC_ARC = YES;
				CLANG_WARN_BOOL_CONVERSION = YES;
				CLANG_WARN_CONSTANT_CONVERSION = YES;
				CLANG_WARN_DIRECT_OBJC_ISA_USAGE = YES_ERROR;
				CLANG_WARN_DOCUMENTATION_COMMENTS = YES;
				CLANG_WARN_EMPTY_BODY = YES;
				CLANG_WARN_ENUM_CONVERSION = YES;
				CLANG_WARN_INFINITE_RECURSION = YES;
				CLANG_WARN_INT_CONVERSION = YES;
				CLANG_WARN_OBJC_ROOT_CLASS = YES_ERROR;
				CLANG_WARN_SUSPICIOUS_MOVE = YES;
				CLANG_WARN_UNREACHABLE_CODE = YES;
				CLANG_WARN__DUPLICATE_METHOD_MATCH = YES;
				"CODE_SIGN_IDENTITY[sdk=iphoneos*]" = "iPhone Developer";
				COPY_PHASE_STRIP = NO;
				DEBUG_INFORMATION_FORMAT = dwarf;
				ENABLE_STRICT_OBJC_MSGSEND = YES;
				ENABLE_TESTABILITY = YES;
				GCC_C_LANGUAGE_STANDARD = gnu99;
				GCC_DYNAMIC_NO_PIC = NO;
				GCC_NO_COMMON_BLOCKS = YES;
				GCC_OPTIMIZATION_LEVEL = 0;
				GCC_PREPROCESSOR_DEFINITIONS = (
					"DEBUG=1",
					"$(inherited)",
				);
				GCC_WARN_64_TO_32_BIT_CONVERSION = YES;
				GCC_WARN_ABOUT_RETURN_TYPE = YES_ERROR;
				GCC_WARN_UNDECLARED_SELECTOR = YES;
				GCC_WARN_UNINITIALIZED_AUTOS = YES_AGGRESSIVE;
				GCC_WARN_UNUSED_FUNCTION = YES;
				GCC_WARN_UNUSED_VARIABLE = YES;
				IPHONEOS_DEPLOYMENT_TARGET = 10.2;
				MTL_ENABLE_DEBUG_INFO = YES;
				ONLY_ACTIVE_ARCH = YES;
				SDKROOT = iphoneos;
			};
			name = Debug;
		};
		048C8C401EC308FE001DB8DA /* Release */ = {
			isa = XCBuildConfiguration;
			buildSettings = {
				ALWAYS_SEARCH_USER_PATHS = NO;
				CLANG_ANALYZER_NONNULL = YES;
				CLANG_CXX_LANGUAGE_STANDARD = "gnu++0x";
				CLANG_CXX_LIBRARY = "libc++";
				CLANG_ENABLE_MODULES = YES;
				CLANG_ENABLE_OBJC_ARC = YES;
				CLANG_WARN_BOOL_CONVERSION = YES;
				CLANG_WARN_CONSTANT_CONVERSION = YES;
				CLANG_WARN_DIRECT_OBJC_ISA_USAGE = YES_ERROR;
				CLANG_WARN_DOCUMENTATION_COMMENTS = YES;
				CLANG_WARN_EMPTY_BODY = YES;
				CLANG_WARN_ENUM_CONVERSION = YES;
				CLANG_WARN_INFINITE_RECURSION = YES;
				CLANG_WARN_INT_CONVERSION = YES;
				CLANG_WARN_OBJC_ROOT_CLASS = YES_ERROR;
				CLANG_WARN_SUSPICIOUS_MOVE = YES;
				CLANG_WARN_UNREACHABLE_CODE = YES;
				CLANG_WARN__DUPLICATE_METHOD_MATCH = YES;
				"CODE_SIGN_IDENTITY[sdk=iphoneos*]" = "iPhone Developer";
				COPY_PHASE_STRIP = NO;
				DEBUG_INFORMATION_FORMAT = "dwarf-with-dsym";
				ENABLE_NS_ASSERTIONS = NO;
				ENABLE_STRICT_OBJC_MSGSEND = YES;
				GCC_C_LANGUAGE_STANDARD = gnu99;
				GCC_NO_COMMON_BLOCKS = YES;
				GCC_WARN_64_TO_32_BIT_CONVERSION = YES;
				GCC_WARN_ABOUT_RETURN_TYPE = YES_ERROR;
				GCC_WARN_UNDECLARED_SELECTOR = YES;
				GCC_WARN_UNINITIALIZED_AUTOS = YES_AGGRESSIVE;
				GCC_WARN_UNUSED_FUNCTION = YES;
				GCC_WARN_UNUSED_VARIABLE = YES;
				IPHONEOS_DEPLOYMENT_TARGET = 10.2;
				MTL_ENABLE_DEBUG_INFO = NO;
				SDKROOT = iphoneos;
				VALIDATE_PRODUCT = YES;
			};
			name = Release;
		};
		048C8C421EC308FE001DB8DA /* Debug */ = {
			isa = XCBuildConfiguration;
			buildSettings = {
				ASSETCATALOG_COMPILER_APPICON_NAME = AppIcon;
				DEVELOPMENT_TEAM = 7GSW2BF5U4;
				INFOPLIST_FILE = ScrollViewCycle/Info.plist;
				LD_RUNPATH_SEARCH_PATHS = "$(inherited) @executable_path/Frameworks";
				PRODUCT_BUNDLE_IDENTIFIER = com.cai.ScrollViewCycle;
				PRODUCT_NAME = "$(TARGET_NAME)";
			};
			name = Debug;
		};
		048C8C431EC308FE001DB8DA /* Release */ = {
			isa = XCBuildConfiguration;
			buildSettings = {
				ASSETCATALOG_COMPILER_APPICON_NAME = AppIcon;
				DEVELOPMENT_TEAM = 7GSW2BF5U4;
				INFOPLIST_FILE = ScrollViewCycle/Info.plist;
				LD_RUNPATH_SEARCH_PATHS = "$(inherited) @executable_path/Frameworks";
				PRODUCT_BUNDLE_IDENTIFIER = com.cai.ScrollViewCycle;
				PRODUCT_NAME = "$(TARGET_NAME)";
			};
			name = Release;
		};
/* End XCBuildConfiguration section */

/* Begin XCConfigurationList section */
		048C8C251EC308FE001DB8DA /* Build configuration list for PBXProject "ScrollViewCycle" */ = {
			isa = XCConfigurationList;
			buildConfigurations = (
				048C8C3F1EC308FE001DB8DA /* Debug */,
				048C8C401EC308FE001DB8DA /* Release */,
			);
			defaultConfigurationIsVisible = 0;
			defaultConfigurationName = Release;
		};
		048C8C411EC308FE001DB8DA /* Build configuration list for PBXNativeTarget "ScrollViewCycle" */ = {
			isa = XCConfigurationList;
			buildConfigurations = (
				048C8C421EC308FE001DB8DA /* Debug */,
				048C8C431EC308FE001DB8DA /* Release */,
			);
			defaultConfigurationIsVisible = 0;
		};
/* End XCConfigurationList section */
	};
	rootObject = 048C8C221EC308FE001DB8DA /* Project object */;
}
